
Microsoft Visual Studio Solution File, Format Version 12.00
# Visual Studio Version 16
VisualStudioVersion = 16.0.30114.105
MinimumVisualStudioVersion = 10.0.40219.1
Project("{FAE04EC0-301F-11D3-BF4B-00C04F79EFBC}") = "GeometryMindbox", "GeometryMindbox\GeometryMindbox.csproj", "{16654B4D-7648-4353-B0C6-2020EFA3B49A}"
EndProject
Project("{FAE04EC0-301F-11D3-BF4B-00C04F79EFBC}") = "UnitTestGeometry", "UnitTestGeometry\UnitTestGeometry.csproj", "{A5FCF2DE-9290-4772-9626-7675C2293166}"
EndProject
Global
	GlobalSection(SolutionConfigurationPlatforms) = preSolution
		Debug|Any CPU = Debug|Any CPU
		Release|Any CPU = Release|Any CPU
	EndGlobalSection
	GlobalSection(ProjectConfigurationPlatforms) = postSolution
		{16654B4D-7648-4353-B0C6-2020EFA3B49A}.Debug|Any CPU.ActiveCfg = Debug|Any CPU
		{16654B4D-7648-4353-B0C6-2020EFA3B49A}.Debug|Any CPU.Build.0 = Debug|Any CPU
		{16654B4D-7648-4353-B0C6-2020EFA3B49A}.Release|Any CPU.ActiveCfg = Release|Any CPU
		{16654B4D-7648-4353-B0C6-2020EFA3B49A}.Release|Any CPU.Build.0 = Release|Any CPU
		{A5FCF2DE-9290-4772-9626-7675C2293166}.Debug|Any CPU.ActiveCfg = Debug|Any CPU
		{A5FCF2DE-9290-4772-9626-7675C2293166}.Debug|Any CPU.Build.0 = Debug|Any CPU
		{A5FCF2DE-9290-4772-9626-7675C2293166}.Release|Any CPU.ActiveCfg = Release|Any CPU
		{A5FCF2DE-9290-4772-9626-7675C2293166}.Release|Any CPU.Build.0 = Release|Any CPU
	EndGlobalSection
	GlobalSection(SolutionProperties) = preSolution
		HideSolutionNode = FALSE
	EndGlobalSection
	GlobalSection(ExtensibilityGlobals) = postSolution
		SolutionGuid = {18D24145-5B37-4C55-A074-E3E3596C9588}
	EndGlobalSection
EndGlobal
